{
  "name": "installtgz",
  "version": "1.0.0",
  "lockfileVersion": 1,
  "requires": true,
  "dependencies": {
    "async": {
      "version": "3.2.4",
      "resolved": "https://registry.npmjs.org/async/-/async-3.2.4.tgz",
      "integrity": "sha512-iAB+JbDEGXhyIUavoDl9WP/Jj106Kz9DEn1DPgYw5ruDn0e3Wgi3sKFm55sASdGBNOQB8F59d9qQ7deqrHA8wQ=="
    },
    "lodash": {
      "version": "4.17.15",
      "resolved": "http://registry.npm.baidu-int.com/lodash/-/lodash-4.17.15.tgz",
      "integrity": "sha512-8xOcRHvCjnocdS5cpwXQXVzmmh5e5+saE2QGoeQmbKmRS6J3VQppPOIt0MnmE+4xlZoumy0GPG0D0MVIQbNA1A=="
    },
    "testnpmpkg": {
      "version": "file:testnpmpkg-1.0.0.tgz",
      "integrity": "sha512-I4AJR5Y1xA3AT2AD+ofPN/dWqR3VMMjgZFCPClyI0J8rL2DLHd9CdmAzHhVlIBEzkT/fnhsHYn2Mw2ioVU5QbA==",
      "requires": {
        "async": "^3.2.0",
        "lodash": "^4.17.15"
      }
    }
  }
}
